
Microsoft Visual Studio Solution File, Format Version 12.00
# Visual Studio Version 17
VisualStudioVersion = 17.5.33424.131
MinimumVisualStudioVersion = 10.0.40219.1
Project("{9A19103F-16F7-4668-BE54-9A1E7A4F7556}") = "pbn", "pbn\pbn.csproj", "{95C72650-8EFC-4F14-B23F-432D151D70FB}"
EndProject
Project("{9A19103F-16F7-4668-BE54-9A1E7A4F7556}") = "tests", "tests\tests.csproj", "{9BD43E33-5778-4467-A7B1-939AB25410F8}"
EndProject
Project("{2150E333-8FDC-42A3-9474-1A3956D46DE8}") = "Solution Items", "Solution Items", "{21E043CD-FF91-4386-B34E-B57BE18CF51E}"
	ProjectSection(SolutionItems) = preProject
		.github\workflows\workflows.yml = .github\workflows\workflows.yml
	EndProjectSection
EndProject
Project("{FAE04EC0-301F-11D3-BF4B-00C04F79EFBC}") = "pbn-cli", "pbn-cli\pbn-cli.csproj", "{B62B75FF-F302-4021-8E41-310ADADB4EB6}"
EndProject
Global
	GlobalSection(SolutionConfigurationPlatforms) = preSolution
		Debug|Any CPU = Debug|Any CPU
		Release|Any CPU = Release|Any CPU
	EndGlobalSection
	GlobalSection(ProjectConfigurationPlatforms) = postSolution
		{95C72650-8EFC-4F14-B23F-432D151D70FB}.Debug|Any CPU.ActiveCfg = Debug|Any CPU
		{95C72650-8EFC-4F14-B23F-432D151D70FB}.Debug|Any CPU.Build.0 = Debug|Any CPU
		{95C72650-8EFC-4F14-B23F-432D151D70FB}.Release|Any CPU.ActiveCfg = Release|Any CPU
		{95C72650-8EFC-4F14-B23F-432D151D70FB}.Release|Any CPU.Build.0 = Release|Any CPU
		{9BD43E33-5778-4467-A7B1-939AB25410F8}.Debug|Any CPU.ActiveCfg = Debug|Any CPU
		{9BD43E33-5778-4467-A7B1-939AB25410F8}.Debug|Any CPU.Build.0 = Debug|Any CPU
		{9BD43E33-5778-4467-A7B1-939AB25410F8}.Release|Any CPU.ActiveCfg = Release|Any CPU
		{9BD43E33-5778-4467-A7B1-939AB25410F8}.Release|Any CPU.Build.0 = Release|Any CPU
		{B62B75FF-F302-4021-8E41-310ADADB4EB6}.Debug|Any CPU.ActiveCfg = Debug|Any CPU
		{B62B75FF-F302-4021-8E41-310ADADB4EB6}.Debug|Any CPU.Build.0 = Debug|Any CPU
		{B62B75FF-F302-4021-8E41-310ADADB4EB6}.Release|Any CPU.ActiveCfg = Release|Any CPU
		{B62B75FF-F302-4021-8E41-310ADADB4EB6}.Release|Any CPU.Build.0 = Release|Any CPU
	EndGlobalSection
	GlobalSection(SolutionProperties) = preSolution
		HideSolutionNode = FALSE
	EndGlobalSection
	GlobalSection(ExtensibilityGlobals) = postSolution
		SolutionGuid = {2FA16FEE-E4C2-48E8-901C-B5AE5A0E09E9}
	EndGlobalSection
EndGlobal
